
Microsoft Visual Studio Solution File, Format Version 12.00
# Visual Studio 15
VisualStudioVersion = 15.0.27130.2036
MinimumVisualStudioVersion = 10.0.40219.1
Project("{FAE04EC0-301F-11D3-BF4B-00C04F79EFBC}") = "SentryBot", "SentryBot\SentryBot.csproj", "{DDB56191-CFF1-4E3D-8B3B-32A5D6C731B5}"
EndProject
Global
	GlobalSection(SolutionConfigurationPlatforms) = preSolution
		Debug|Any CPU = Debug|Any CPU
		Release|Any CPU = Release|Any CPU
	EndGlobalSection
	GlobalSection(ProjectConfigurationPlatforms) = postSolution
		{DDB56191-CFF1-4E3D-8B3B-32A5D6C731B5}.Debug|Any CPU.ActiveCfg = Debug|Any CPU
		{DDB56191-CFF1-4E3D-8B3B-32A5D6C731B5}.Debug|Any CPU.Build.0 = Debug|Any CPU
		{DDB56191-CFF1-4E3D-8B3B-32A5D6C731B5}.Release|Any CPU.ActiveCfg = Release|Any CPU
		{DDB56191-CFF1-4E3D-8B3B-32A5D6C731B5}.Release|Any CPU.Build.0 = Release|Any CPU
	EndGlobalSection
	GlobalSection(SolutionProperties) = preSolution
		HideSolutionNode = FALSE
	EndGlobalSection
	GlobalSection(ExtensibilityGlobals) = postSolution
		SolutionGuid = {A3E1C3BF-C170-4D9A-A144-E256EE8D69F6}
	EndGlobalSection
EndGlobal
